
Microsoft Visual Studio Solution File, Format Version 12.00
# Visual Studio Version 17
VisualStudioVersion = 17.8.34316.72
MinimumVisualStudioVersion = 10.0.40219.1
Project("{FAE04EC0-301F-11D3-BF4B-00C04F79EFBC}") = "ThisCompanyIsGettingLethal", "ThisCompanyIsGettingLethal.csproj", "{7BDF9522-D3AF-4590-8BC4-3D4E20965FDF}"
EndProject
Global
	GlobalSection(SolutionConfigurationPlatforms) = preSolution
		Debug|Any CPU = Debug|Any CPU
		Release|Any CPU = Release|Any CPU
	EndGlobalSection
	GlobalSection(ProjectConfigurationPlatforms) = postSolution
		{7BDF9522-D3AF-4590-8BC4-3D4E20965FDF}.Debug|Any CPU.ActiveCfg = Debug|Any CPU
		{7BDF9522-D3AF-4590-8BC4-3D4E20965FDF}.Debug|Any CPU.Build.0 = Debug|Any CPU
		{7BDF9522-D3AF-4590-8BC4-3D4E20965FDF}.Release|Any CPU.ActiveCfg = Release|Any CPU
		{7BDF9522-D3AF-4590-8BC4-3D4E20965FDF}.Release|Any CPU.Build.0 = Release|Any CPU
	EndGlobalSection
	GlobalSection(SolutionProperties) = preSolution
		HideSolutionNode = FALSE
	EndGlobalSection
	GlobalSection(ExtensibilityGlobals) = postSolution
		SolutionGuid = {4211D7AA-E40B-47E8-989C-29C964E06E79}
	EndGlobalSection
EndGlobal
